
Microsoft Visual Studio Solution File, Format Version 12.00
# Visual Studio 15
VisualStudioVersion = 15.0.27130.2036
MinimumVisualStudioVersion = 10.0.40219.1
Project("{8BC9CEB8-8B4A-11D0-8D11-00A0C91BC942}") = "E_SIMPLE_8-D_SIMPLE_8", "E_SIMPLE_8-D_SIMPLE_8\E_SIMPLE_8-D_SIMPLE_8.vcxproj", "{94418E96-4C4D-4085-BF23-3A9804686A60}"
EndProject
Global
	GlobalSection(SolutionConfigurationPlatforms) = preSolution
		Debug|x64 = Debug|x64
		Debug|x86 = Debug|x86
		Release|x64 = Release|x64
		Release|x86 = Release|x86
	EndGlobalSection
	GlobalSection(ProjectConfigurationPlatforms) = postSolution
		{94418E96-4C4D-4085-BF23-3A9804686A60}.Debug|x64.ActiveCfg = Debug|x64
		{94418E96-4C4D-4085-BF23-3A9804686A60}.Debug|x64.Build.0 = Debug|x64
		{94418E96-4C4D-4085-BF23-3A9804686A60}.Debug|x86.ActiveCfg = Debug|Win32
		{94418E96-4C4D-4085-BF23-3A9804686A60}.Debug|x86.Build.0 = Debug|Win32
		{94418E96-4C4D-4085-BF23-3A9804686A60}.Release|x64.ActiveCfg = Release|x64
		{94418E96-4C4D-4085-BF23-3A9804686A60}.Release|x64.Build.0 = Release|x64
		{94418E96-4C4D-4085-BF23-3A9804686A60}.Release|x86.ActiveCfg = Release|Win32
		{94418E96-4C4D-4085-BF23-3A9804686A60}.Release|x86.Build.0 = Release|Win32
	EndGlobalSection
	GlobalSection(SolutionProperties) = preSolution
		HideSolutionNode = FALSE
	EndGlobalSection
	GlobalSection(ExtensibilityGlobals) = postSolution
		SolutionGuid = {11B506D2-97E3-43BD-A21A-76BCF9E173BB}
	EndGlobalSection
EndGlobal
